
Microsoft Visual Studio Solution File, Format Version 12.00
# Visual Studio 15
VisualStudioVersion = 15.0.28307.1500
MinimumVisualStudioVersion = 10.0.40219.1
Project("{9A19103F-16F7-4668-BE54-9A1E7A4F7556}") = "TelecomWebServices", "TelecomWebServices\TelecomWebServices.csproj", "{CAF4DB06-98DC-4199-9842-8B02B72557DE}"
EndProject
Project("{FAE04EC0-301F-11D3-BF4B-00C04F79EFBC}") = "TelecomWebServices.Test", "TelecomWebServices.Test\TelecomWebServices.Test.csproj", "{E6E3CC52-3E95-4E21-8615-38F82CC9FB59}"
EndProject
Global
	GlobalSection(SolutionConfigurationPlatforms) = preSolution
		Debug|Any CPU = Debug|Any CPU
		Release|Any CPU = Release|Any CPU
	EndGlobalSection
	GlobalSection(ProjectConfigurationPlatforms) = postSolution
		{CAF4DB06-98DC-4199-9842-8B02B72557DE}.Debug|Any CPU.ActiveCfg = Debug|Any CPU
		{CAF4DB06-98DC-4199-9842-8B02B72557DE}.Debug|Any CPU.Build.0 = Debug|Any CPU
		{CAF4DB06-98DC-4199-9842-8B02B72557DE}.Release|Any CPU.ActiveCfg = Release|Any CPU
		{CAF4DB06-98DC-4199-9842-8B02B72557DE}.Release|Any CPU.Build.0 = Release|Any CPU
		{E6E3CC52-3E95-4E21-8615-38F82CC9FB59}.Debug|Any CPU.ActiveCfg = Debug|Any CPU
		{E6E3CC52-3E95-4E21-8615-38F82CC9FB59}.Debug|Any CPU.Build.0 = Debug|Any CPU
		{E6E3CC52-3E95-4E21-8615-38F82CC9FB59}.Release|Any CPU.ActiveCfg = Release|Any CPU
		{E6E3CC52-3E95-4E21-8615-38F82CC9FB59}.Release|Any CPU.Build.0 = Release|Any CPU
	EndGlobalSection
	GlobalSection(SolutionProperties) = preSolution
		HideSolutionNode = FALSE
	EndGlobalSection
	GlobalSection(ExtensibilityGlobals) = postSolution
		SolutionGuid = {E397B0C1-8FE6-4CC0-B5E3-B1EEAF33C7ED}
	EndGlobalSection
EndGlobal
